
Microsoft Visual Studio Solution File, Format Version 12.00
# Visual Studio Version 16
VisualStudioVersion = 16.0.810.1
MinimumVisualStudioVersion = 10.0.40219.1
Project("{FAE04EC0-301F-11D3-BF4B-00C04F79EFBC}") = "PKHex2GD", "PKHex2GD\PKHex2GD.csproj", "{6C15107C-1543-4929-BE85-BDA9ACD85032}"
EndProject
Global
	GlobalSection(SolutionConfigurationPlatforms) = preSolution
		Debug|anycpu = Debug|anycpu
		Release|anycpu = Release|anycpu
	EndGlobalSection
	GlobalSection(ProjectConfigurationPlatforms) = postSolution
		{6C15107C-1543-4929-BE85-BDA9ACD85032}.Debug|anycpu.ActiveCfg = Debug|anycpu
		{6C15107C-1543-4929-BE85-BDA9ACD85032}.Debug|anycpu.Build.0 = Debug|anycpu
		{6C15107C-1543-4929-BE85-BDA9ACD85032}.Release|anycpu.ActiveCfg = Release|anycpu
		{6C15107C-1543-4929-BE85-BDA9ACD85032}.Release|anycpu.Build.0 = Release|anycpu
	EndGlobalSection
	GlobalSection(SolutionProperties) = preSolution
		HideSolutionNode = FALSE
	EndGlobalSection
	GlobalSection(ExtensibilityGlobals) = postSolution
		SolutionGuid = {12EC552C-8D31-499C-9297-F6AA1D69A14F}
	EndGlobalSection
EndGlobal
